
Microsoft Visual Studio Solution File, Format Version 12.00
# Visual Studio Version 17
VisualStudioVersion = 17.10.35004.147
MinimumVisualStudioVersion = 10.0.40219.1
Project("{FAE04EC0-301F-11D3-BF4B-00C04F79EFBC}") = "CSharp16", "CSharp16.csproj", "{AE943357-A94D-4513-9FBB-62F65A8A8A90}"
EndProject
Global
	GlobalSection(SolutionConfigurationPlatforms) = preSolution
		Debug|Any CPU = Debug|Any CPU
		Release|Any CPU = Release|Any CPU
	EndGlobalSection
	GlobalSection(ProjectConfigurationPlatforms) = postSolution
		{AE943357-A94D-4513-9FBB-62F65A8A8A90}.Debug|Any CPU.ActiveCfg = Debug|Any CPU
		{AE943357-A94D-4513-9FBB-62F65A8A8A90}.Debug|Any CPU.Build.0 = Debug|Any CPU
		{AE943357-A94D-4513-9FBB-62F65A8A8A90}.Release|Any CPU.ActiveCfg = Release|Any CPU
		{AE943357-A94D-4513-9FBB-62F65A8A8A90}.Release|Any CPU.Build.0 = Release|Any CPU
	EndGlobalSection
	GlobalSection(SolutionProperties) = preSolution
		HideSolutionNode = FALSE
	EndGlobalSection
	GlobalSection(ExtensibilityGlobals) = postSolution
		SolutionGuid = {5BDD293F-3A62-4429-90F7-97C41034FBDC}
	EndGlobalSection
EndGlobal
